
Microsoft Visual Studio Solution File, Format Version 12.00
# Visual Studio 15
VisualStudioVersion = 15.0.28307.1300
MinimumVisualStudioVersion = 10.0.40219.1
Project("{FAE04EC0-301F-11D3-BF4B-00C04F79EFBC}") = "PeerWebApp2.0", "PeerWebApp2.0\PeerWebApp2.0.csproj", "{7C74C55D-8880-42F2-BCA7-A122333801DE}"
EndProject
Global
	GlobalSection(SolutionConfigurationPlatforms) = preSolution
		Debug|Any CPU = Debug|Any CPU
		Release|Any CPU = Release|Any CPU
	EndGlobalSection
	GlobalSection(ProjectConfigurationPlatforms) = postSolution
		{7C74C55D-8880-42F2-BCA7-A122333801DE}.Debug|Any CPU.ActiveCfg = Debug|Any CPU
		{7C74C55D-8880-42F2-BCA7-A122333801DE}.Debug|Any CPU.Build.0 = Debug|Any CPU
		{7C74C55D-8880-42F2-BCA7-A122333801DE}.Release|Any CPU.ActiveCfg = Release|Any CPU
		{7C74C55D-8880-42F2-BCA7-A122333801DE}.Release|Any CPU.Build.0 = Release|Any CPU
	EndGlobalSection
	GlobalSection(SolutionProperties) = preSolution
		HideSolutionNode = FALSE
	EndGlobalSection
	GlobalSection(ExtensibilityGlobals) = postSolution
		SolutionGuid = {3128A4AD-80AC-464F-BBB5-94326A048CF7}
	EndGlobalSection
EndGlobal
